// !$*UTF8*$!
{
	archiveVersion = 1;
	classes = {
	};
	objectVersion = 56;
	objects = {

/* Begin PBXBuildFile section */
		43EF30DE2B6C4FA5002414FC /* AppDelegate.swift in Sources */ = {isa = PBXBuildFile; fileRef = 43EF30DD2B6C4FA5002414FC /* AppDelegate.swift */; };
		43EF30E02B6C4FA5002414FC /* SceneDelegate.swift in Sources */ = {isa = PBXBuildFile; fileRef = 43EF30DF2B6C4FA5002414FC /* SceneDelegate.swift */; };
		43EF30E72B6C4FA6002414FC /* Assets.xcassets in Resources */ = {isa = PBXBuildFile; fileRef = 43EF30E62B6C4FA6002414FC /* Assets.xcassets */; };
		43EF30EA2B6C4FA6002414FC /* LaunchScreen.storyboard in Resources */ = {isa = PBXBuildFile; fileRef = 43EF30E82B6C4FA6002414FC /* LaunchScreen.storyboard */; };
		43EF30F52B6C4FA6002414FC /* PokemonTests.swift in Sources */ = {isa = PBXBuildFile; fileRef = 43EF30F42B6C4FA6002414FC /* PokemonTests.swift */; };
		43EF30FF2B6C4FA6002414FC /* PokemonUITests.swift in Sources */ = {isa = PBXBuildFile; fileRef = 43EF30FE2B6C4FA6002414FC /* PokemonUITests.swift */; };
		43EF31012B6C4FA6002414FC /* PokemonUITestsLaunchTests.swift in Sources */ = {isa = PBXBuildFile; fileRef = 43EF31002B6C4FA6002414FC /* PokemonUITestsLaunchTests.swift */; };
		43EF310F2B6C5018002414FC /* Swinject in Frameworks */ = {isa = PBXBuildFile; productRef = 43EF310E2B6C5018002414FC /* Swinject */; };
		43EF31122B6C5073002414FC /* Nibbable.swift in Sources */ = {isa = PBXBuildFile; fileRef = 43EF31112B6C5073002414FC /* Nibbable.swift */; };
		43EF31162B6C50CB002414FC /* HomeViewController.swift in Sources */ = {isa = PBXBuildFile; fileRef = 43EF31142B6C50CB002414FC /* HomeViewController.swift */; };
		43EF31172B6C50CB002414FC /* HomeViewController.xib in Resources */ = {isa = PBXBuildFile; fileRef = 43EF31152B6C50CB002414FC /* HomeViewController.xib */; };
		43EF311B2B6C50F6002414FC /* HomeAssembly.swift in Sources */ = {isa = PBXBuildFile; fileRef = 43EF311A2B6C50F6002414FC /* HomeAssembly.swift */; };
		43EF311E2B6C51A0002414FC /* ScreenAssembler.swift in Sources */ = {isa = PBXBuildFile; fileRef = 43EF311D2B6C51A0002414FC /* ScreenAssembler.swift */; };
		43EF31202B6C51EB002414FC /* FactoryAssemby.swift in Sources */ = {isa = PBXBuildFile; fileRef = 43EF311F2B6C51EB002414FC /* FactoryAssemby.swift */; };
		43EF31222B6C5215002414FC /* ScreenFactory.swift in Sources */ = {isa = PBXBuildFile; fileRef = 43EF31212B6C5215002414FC /* ScreenFactory.swift */; };
/* End PBXBuildFile section */

/* Begin PBXContainerItemProxy section */
		43EF30F12B6C4FA6002414FC /* PBXContainerItemProxy */ = {
			isa = PBXContainerItemProxy;
			containerPortal = 43EF30D22B6C4FA5002414FC /* Project object */;
			proxyType = 1;
			remoteGlobalIDString = 43EF30D92B6C4FA5002414FC;
			remoteInfo = Pokemon;
		};
		43EF30FB2B6C4FA6002414FC /* PBXContainerItemProxy */ = {
			isa = PBXContainerItemProxy;
			containerPortal = 43EF30D22B6C4FA5002414FC /* Project object */;
			proxyType = 1;
			remoteGlobalIDString = 43EF30D92B6C4FA5002414FC;
			remoteInfo = Pokemon;
		};
/* End PBXContainerItemProxy section */

/* Begin PBXFileReference section */
		43EF30DA2B6C4FA5002414FC /* Pokemon.app */ = {isa = PBXFileReference; explicitFileType = wrapper.application; includeInIndex = 0; path = Pokemon.app; sourceTree = BUILT_PRODUCTS_DIR; };
		43EF30DD2B6C4FA5002414FC /* AppDelegate.swift */ = {isa = PBXFileReference; lastKnownFileType = sourcecode.swift; path = AppDelegate.swift; sourceTree = "<group>"; };
		43EF30DF2B6C4FA5002414FC /* SceneDelegate.swift */ = {isa = PBXFileReference; lastKnownFileType = sourcecode.swift; path = SceneDelegate.swift; sourceTree = "<group>"; };
		43EF30E62B6C4FA6002414FC /* Assets.xcassets */ = {isa = PBXFileReference; lastKnownFileType = folder.assetcatalog; path = Assets.xcassets; sourceTree = "<group>"; };
		43EF30E92B6C4FA6002414FC /* Base */ = {isa = PBXFileReference; lastKnownFileType = file.storyboard; name = Base; path = Base.lproj/LaunchScreen.storyboard; sourceTree = "<group>"; };
		43EF30EB2B6C4FA6002414FC /* Info.plist */ = {isa = PBXFileReference; lastKnownFileType = text.plist.xml; path = Info.plist; sourceTree = "<group>"; };
		43EF30F02B6C4FA6002414FC /* PokemonTests.xctest */ = {isa = PBXFileReference; explicitFileType = wrapper.cfbundle; includeInIndex = 0; path = PokemonTests.xctest; sourceTree = BUILT_PRODUCTS_DIR; };
		43EF30F42B6C4FA6002414FC /* PokemonTests.swift */ = {isa = PBXFileReference; lastKnownFileType = sourcecode.swift; path = PokemonTests.swift; sourceTree = "<group>"; };
		43EF30FA2B6C4FA6002414FC /* PokemonUITests.xctest */ = {isa = PBXFileReference; explicitFileType = wrapper.cfbundle; includeInIndex = 0; path = PokemonUITests.xctest; sourceTree = BUILT_PRODUCTS_DIR; };
		43EF30FE2B6C4FA6002414FC /* PokemonUITests.swift */ = {isa = PBXFileReference; lastKnownFileType = sourcecode.swift; path = PokemonUITests.swift; sourceTree = "<group>"; };
		43EF31002B6C4FA6002414FC /* PokemonUITestsLaunchTests.swift */ = {isa = PBXFileReference; lastKnownFileType = sourcecode.swift; path = PokemonUITestsLaunchTests.swift; sourceTree = "<group>"; };
		43EF31112B6C5073002414FC /* Nibbable.swift */ = {isa = PBXFileReference; lastKnownFileType = sourcecode.swift; path = Nibbable.swift; sourceTree = SOURCE_ROOT; };
		43EF31142B6C50CB002414FC /* HomeViewController.swift */ = {isa = PBXFileReference; lastKnownFileType = sourcecode.swift; path = HomeViewController.swift; sourceTree = "<group>"; };
		43EF31152B6C50CB002414FC /* HomeViewController.xib */ = {isa = PBXFileReference; lastKnownFileType = file.xib; path = HomeViewController.xib; sourceTree = "<group>"; };
		43EF311A2B6C50F6002414FC /* HomeAssembly.swift */ = {isa = PBXFileReference; lastKnownFileType = sourcecode.swift; path = HomeAssembly.swift; sourceTree = "<group>"; };
		43EF311D2B6C51A0002414FC /* ScreenAssembler.swift */ = {isa = PBXFileReference; lastKnownFileType = sourcecode.swift; path = ScreenAssembler.swift; sourceTree = "<group>"; };
		43EF311F2B6C51EB002414FC /* FactoryAssemby.swift */ = {isa = PBXFileReference; lastKnownFileType = sourcecode.swift; path = FactoryAssemby.swift; sourceTree = "<group>"; };
		43EF31212B6C5215002414FC /* ScreenFactory.swift */ = {isa = PBXFileReference; lastKnownFileType = sourcecode.swift; path = ScreenFactory.swift; sourceTree = "<group>"; };
/* End PBXFileReference section */

/* Begin PBXFrameworksBuildPhase section */
		43EF30D72B6C4FA5002414FC /* Frameworks */ = {
			isa = PBXFrameworksBuildPhase;
			buildActionMask = 2147483647;
			files = (
				43EF310F2B6C5018002414FC /* Swinject in Frameworks */,
			);
			runOnlyForDeploymentPostprocessing = 0;
		};
		43EF30ED2B6C4FA6002414FC /* Frameworks */ = {
			isa = PBXFrameworksBuildPhase;
			buildActionMask = 2147483647;
			files = (
			);
			runOnlyForDeploymentPostprocessing = 0;
		};
		43EF30F72B6C4FA6002414FC /* Frameworks */ = {
			isa = PBXFrameworksBuildPhase;
			buildActionMask = 2147483647;
			files = (
			);
			runOnlyForDeploymentPostprocessing = 0;
		};
/* End PBXFrameworksBuildPhase section */

/* Begin PBXGroup section */
		43EF30D12B6C4FA5002414FC = {
			isa = PBXGroup;
			children = (
				43EF30DC2B6C4FA5002414FC /* Pokemon */,
				43EF30F32B6C4FA6002414FC /* PokemonTests */,
				43EF30FD2B6C4FA6002414FC /* PokemonUITests */,
				43EF30DB2B6C4FA5002414FC /* Products */,
			);
			sourceTree = "<group>";
		};
		43EF30DB2B6C4FA5002414FC /* Products */ = {
			isa = PBXGroup;
			children = (
				43EF30DA2B6C4FA5002414FC /* Pokemon.app */,
				43EF30F02B6C4FA6002414FC /* PokemonTests.xctest */,
				43EF30FA2B6C4FA6002414FC /* PokemonUITests.xctest */,
			);
			name = Products;
			sourceTree = "<group>";
		};
		43EF30DC2B6C4FA5002414FC /* Pokemon */ = {
			isa = PBXGroup;
			children = (
				43EF311C2B6C5188002414FC /* Utilities */,
				43EF31182B6C50DE002414FC /* DI */,
				43EF31132B6C50B9002414FC /* Screens */,
				43EF31102B6C5046002414FC /* Extensions */,
				43EF30DD2B6C4FA5002414FC /* AppDelegate.swift */,
				43EF30DF2B6C4FA5002414FC /* SceneDelegate.swift */,
				43EF30E62B6C4FA6002414FC /* Assets.xcassets */,
				43EF30E82B6C4FA6002414FC /* LaunchScreen.storyboard */,
				43EF30EB2B6C4FA6002414FC /* Info.plist */,
			);
			path = Pokemon;
			sourceTree = "<group>";
		};
		43EF30F32B6C4FA6002414FC /* PokemonTests */ = {
			isa = PBXGroup;
			children = (
				43EF30F42B6C4FA6002414FC /* PokemonTests.swift */,
			);
			path = PokemonTests;
			sourceTree = "<group>";
		};
		43EF30FD2B6C4FA6002414FC /* PokemonUITests */ = {
			isa = PBXGroup;
			children = (
				43EF30FE2B6C4FA6002414FC /* PokemonUITests.swift */,
				43EF31002B6C4FA6002414FC /* PokemonUITestsLaunchTests.swift */,
			);
			path = PokemonUITests;
			sourceTree = "<group>";
		};
		43EF31102B6C5046002414FC /* Extensions */ = {
			isa = PBXGroup;
			children = (
				43EF31112B6C5073002414FC /* Nibbable.swift */,
			);
			path = Extensions;
			sourceTree = "<group>";
		};
		43EF31132B6C50B9002414FC /* Screens */ = {
			isa = PBXGroup;
			children = (
				43EF31142B6C50CB002414FC /* HomeViewController.swift */,
				43EF31152B6C50CB002414FC /* HomeViewController.xib */,
			);
			path = Screens;
			sourceTree = "<group>";
		};
		43EF31182B6C50DE002414FC /* DI */ = {
			isa = PBXGroup;
			children = (
				43EF31232B6C529D002414FC /* Common */,
				43EF31192B6C50E2002414FC /* Screens */,
			);
			path = DI;
			sourceTree = "<group>";
		};
		43EF31192B6C50E2002414FC /* Screens */ = {
			isa = PBXGroup;
			children = (
				43EF311A2B6C50F6002414FC /* HomeAssembly.swift */,
			);
			path = Screens;
			sourceTree = "<group>";
		};
		43EF311C2B6C5188002414FC /* Utilities */ = {
			isa = PBXGroup;
			children = (
				43EF311D2B6C51A0002414FC /* ScreenAssembler.swift */,
				43EF31212B6C5215002414FC /* ScreenFactory.swift */,
			);
			path = Utilities;
			sourceTree = "<group>";
		};
		43EF31232B6C529D002414FC /* Common */ = {
			isa = PBXGroup;
			children = (
				43EF311F2B6C51EB002414FC /* FactoryAssemby.swift */,
			);
			path = Common;
			sourceTree = "<group>";
		};
/* End PBXGroup section */

/* Begin PBXNativeTarget section */
		43EF30D92B6C4FA5002414FC /* Pokemon */ = {
			isa = PBXNativeTarget;
			buildConfigurationList = 43EF31042B6C4FA6002414FC /* Build configuration list for PBXNativeTarget "Pokemon" */;
			buildPhases = (
				43EF30D62B6C4FA5002414FC /* Sources */,
				43EF30D72B6C4FA5002414FC /* Frameworks */,
				43EF30D82B6C4FA5002414FC /* Resources */,
			);
			buildRules = (
			);
			dependencies = (
			);
			name = Pokemon;
			packageProductDependencies = (
				43EF310E2B6C5018002414FC /* Swinject */,
			);
			productName = Pokemon;
			productReference = 43EF30DA2B6C4FA5002414FC /* Pokemon.app */;
			productType = "com.apple.product-type.application";
		};
		43EF30EF2B6C4FA6002414FC /* PokemonTests */ = {
			isa = PBXNativeTarget;
			buildConfigurationList = 43EF31072B6C4FA6002414FC /* Build configuration list for PBXNativeTarget "PokemonTests" */;
			buildPhases = (
				43EF30EC2B6C4FA6002414FC /* Sources */,
				43EF30ED2B6C4FA6002414FC /* Frameworks */,
				43EF30EE2B6C4FA6002414FC /* Resources */,
			);
			buildRules = (
			);
			dependencies = (
				43EF30F22B6C4FA6002414FC /* PBXTargetDependency */,
			);
			name = PokemonTests;
			productName = PokemonTests;
			productReference = 43EF30F02B6C4FA6002414FC /* PokemonTests.xctest */;
			productType = "com.apple.product-type.bundle.unit-test";
		};
		43EF30F92B6C4FA6002414FC /* PokemonUITests */ = {
			isa = PBXNativeTarget;
			buildConfigurationList = 43EF310A2B6C4FA6002414FC /* Build configuration list for PBXNativeTarget "PokemonUITests" */;
			buildPhases = (
				43EF30F62B6C4FA6002414FC /* Sources */,
				43EF30F72B6C4FA6002414FC /* Frameworks */,
				43EF30F82B6C4FA6002414FC /* Resources */,
			);
			buildRules = (
			);
			dependencies = (
				43EF30FC2B6C4FA6002414FC /* PBXTargetDependency */,
			);
			name = PokemonUITests;
			productName = PokemonUITests;
			productReference = 43EF30FA2B6C4FA6002414FC /* PokemonUITests.xctest */;
			productType = "com.apple.product-type.bundle.ui-testing";
		};
/* End PBXNativeTarget section */

/* Begin PBXProject section */
		43EF30D22B6C4FA5002414FC /* Project object */ = {
			isa = PBXProject;
			attributes = {
				BuildIndependentTargetsInParallel = 1;
				LastSwiftUpdateCheck = 1520;
				LastUpgradeCheck = 1520;
				TargetAttributes = {
					43EF30D92B6C4FA5002414FC = {
						CreatedOnToolsVersion = 15.2;
					};
					43EF30EF2B6C4FA6002414FC = {
						CreatedOnToolsVersion = 15.2;
						TestTargetID = 43EF30D92B6C4FA5002414FC;
					};
					43EF30F92B6C4FA6002414FC = {
						CreatedOnToolsVersion = 15.2;
						TestTargetID = 43EF30D92B6C4FA5002414FC;
					};
				};
			};
			buildConfigurationList = 43EF30D52B6C4FA5002414FC /* Build configuration list for PBXProject "Pokemon" */;
			compatibilityVersion = "Xcode 14.0";
			developmentRegion = en;
			hasScannedForEncodings = 0;
			knownRegions = (
				en,
				Base,
			);
			mainGroup = 43EF30D12B6C4FA5002414FC;
			packageReferences = (
				43EF310D2B6C5017002414FC /* XCRemoteSwiftPackageReference "Swinject" */,
			);
			productRefGroup = 43EF30DB2B6C4FA5002414FC /* Products */;
			projectDirPath = "";
			projectRoot = "";
			targets = (
				43EF30D92B6C4FA5002414FC /* Pokemon */,
				43EF30EF2B6C4FA6002414FC /* PokemonTests */,
				43EF30F92B6C4FA6002414FC /* PokemonUITests */,
			);
		};
/* End PBXProject section */

/* Begin PBXResourcesBuildPhase section */
		43EF30D82B6C4FA5002414FC /* Resources */ = {
			isa = PBXResourcesBuildPhase;
			buildActionMask = 2147483647;
			files = (
				43EF30EA2B6C4FA6002414FC /* LaunchScreen.storyboard in Resources */,
				43EF30E72B6C4FA6002414FC /* Assets.xcassets in Resources */,
				43EF31172B6C50CB002414FC /* HomeViewController.xib in Resources */,
			);
			runOnlyForDeploymentPostprocessing = 0;
		};
		43EF30EE2B6C4FA6002414FC /* Resources */ = {
			isa = PBXResourcesBuildPhase;
			buildActionMask = 2147483647;
			files = (
			);
			runOnlyForDeploymentPostprocessing = 0;
		};
		43EF30F82B6C4FA6002414FC /* Resources */ = {
			isa = PBXResourcesBuildPhase;
			buildActionMask = 2147483647;
			files = (
			);
			runOnlyForDeploymentPostprocessing = 0;
		};
/* End PBXResourcesBuildPhase section */

/* Begin PBXSourcesBuildPhase section */
		43EF30D62B6C4FA5002414FC /* Sources */ = {
			isa = PBXSourcesBuildPhase;
			buildActionMask = 2147483647;
			files = (
				43EF311B2B6C50F6002414FC /* HomeAssembly.swift in Sources */,
				43EF31162B6C50CB002414FC /* HomeViewController.swift in Sources */,
				43EF311E2B6C51A0002414FC /* ScreenAssembler.swift in Sources */,
				43EF31122B6C5073002414FC /* Nibbable.swift in Sources */,
				43EF30DE2B6C4FA5002414FC /* AppDelegate.swift in Sources */,
				43EF30E02B6C4FA5002414FC /* SceneDelegate.swift in Sources */,
				43EF31202B6C51EB002414FC /* FactoryAssemby.swift in Sources */,
				43EF31222B6C5215002414FC /* ScreenFactory.swift in Sources */,
			);
			runOnlyForDeploymentPostprocessing = 0;
		};
		43EF30EC2B6C4FA6002414FC /* Sources */ = {
			isa = PBXSourcesBuildPhase;
			buildActionMask = 2147483647;
			files = (
				43EF30F52B6C4FA6002414FC /* PokemonTests.swift in Sources */,
			);
			runOnlyForDeploymentPostprocessing = 0;
		};
		43EF30F62B6C4FA6002414FC /* Sources */ = {
			isa = PBXSourcesBuildPhase;
			buildActionMask = 2147483647;
			files = (
				43EF31012B6C4FA6002414FC /* PokemonUITestsLaunchTests.swift in Sources */,
				43EF30FF2B6C4FA6002414FC /* PokemonUITests.swift in Sources */,
			);
			runOnlyForDeploymentPostprocessing = 0;
		};
/* End PBXSourcesBuildPhase section */

/* Begin PBXTargetDependency section */
		43EF30F22B6C4FA6002414FC /* PBXTargetDependency */ = {
			isa = PBXTargetDependency;
			target = 43EF30D92B6C4FA5002414FC /* Pokemon */;
			targetProxy = 43EF30F12B6C4FA6002414FC /* PBXContainerItemProxy */;
		};
		43EF30FC2B6C4FA6002414FC /* PBXTargetDependency */ = {
			isa = PBXTargetDependency;
			target = 43EF30D92B6C4FA5002414FC /* Pokemon */;
			targetProxy = 43EF30FB2B6C4FA6002414FC /* PBXContainerItemProxy */;
		};
/* End PBXTargetDependency section */

/* Begin PBXVariantGroup section */
		43EF30E82B6C4FA6002414FC /* LaunchScreen.storyboard */ = {
			isa = PBXVariantGroup;
			children = (
				43EF30E92B6C4FA6002414FC /* Base */,
			);
			name = LaunchScreen.storyboard;
			sourceTree = "<group>";
		};
/* End PBXVariantGroup section */

/* Begin XCBuildConfiguration section */
		43EF31022B6C4FA6002414FC /* Debug */ = {
			isa = XCBuildConfiguration;
			buildSettings = {
				ALWAYS_SEARCH_USER_PATHS = NO;
				ASSETCATALOG_COMPILER_GENERATE_SWIFT_ASSET_SYMBOL_EXTENSIONS = YES;
				CLANG_ANALYZER_NONNULL = YES;
				CLANG_ANALYZER_NUMBER_OBJECT_CONVERSION = YES_AGGRESSIVE;
				CLANG_CXX_LANGUAGE_STANDARD = "gnu++20";
				CLANG_ENABLE_MODULES = YES;
				CLANG_ENABLE_OBJC_ARC = YES;
				CLANG_ENABLE_OBJC_WEAK = YES;
				CLANG_WARN_BLOCK_CAPTURE_AUTORELEASING = YES;
				CLANG_WARN_BOOL_CONVERSION = YES;
				CLANG_WARN_COMMA = YES;
				CLANG_WARN_CONSTANT_CONVERSION = YES;
				CLANG_WARN_DEPRECATED_OBJC_IMPLEMENTATIONS = YES;
				CLANG_WARN_DIRECT_OBJC_ISA_USAGE = YES_ERROR;
				CLANG_WARN_DOCUMENTATION_COMMENTS = YES;
				CLANG_WARN_EMPTY_BODY = YES;
				CLANG_WARN_ENUM_CONVERSION = YES;
				CLANG_WARN_INFINITE_RECURSION = YES;
				CLANG_WARN_INT_CONVERSION = YES;
				CLANG_WARN_NON_LITERAL_NULL_CONVERSION = YES;
				CLANG_WARN_OBJC_IMPLICIT_RETAIN_SELF = YES;
				CLANG_WARN_OBJC_LITERAL_CONVERSION = YES;
				CLANG_WARN_OBJC_ROOT_CLASS = YES_ERROR;
				CLANG_WARN_QUOTED_INCLUDE_IN_FRAMEWORK_HEADER = YES;
				CLANG_WARN_RANGE_LOOP_ANALYSIS = YES;
				CLANG_WARN_STRICT_PROTOTYPES = YES;
				CLANG_WARN_SUSPICIOUS_MOVE = YES;
				CLANG_WARN_UNGUARDED_AVAILABILITY = YES_AGGRESSIVE;
				CLANG_WARN_UNREACHABLE_CODE = YES;
				CLANG_WARN__DUPLICATE_METHOD_MATCH = YES;
				COPY_PHASE_STRIP = NO;
				DEBUG_INFORMATION_FORMAT = dwarf;
				ENABLE_STRICT_OBJC_MSGSEND = YES;
				ENABLE_TESTABILITY = YES;
				ENABLE_USER_SCRIPT_SANDBOXING = YES;
				GCC_C_LANGUAGE_STANDARD = gnu17;
				GCC_DYNAMIC_NO_PIC = NO;
				GCC_NO_COMMON_BLOCKS = YES;
				GCC_OPTIMIZATION_LEVEL = 0;
				GCC_PREPROCESSOR_DEFINITIONS = (
					"DEBUG=1",
					"$(inherited)",
				);
				GCC_WARN_64_TO_32_BIT_CONVERSION = YES;
				GCC_WARN_ABOUT_RETURN_TYPE = YES_ERROR;
				GCC_WARN_UNDECLARED_SELECTOR = YES;
				GCC_WARN_UNINITIALIZED_AUTOS = YES_AGGRESSIVE;
				GCC_WARN_UNUSED_FUNCTION = YES;
				GCC_WARN_UNUSED_VARIABLE = YES;
				IPHONEOS_DEPLOYMENT_TARGET = 17.2;
				LOCALIZATION_PREFERS_STRING_CATALOGS = YES;
				MTL_ENABLE_DEBUG_INFO = INCLUDE_SOURCE;
				MTL_FAST_MATH = YES;
				ONLY_ACTIVE_ARCH = YES;
				SDKROOT = iphoneos;
				SWIFT_ACTIVE_COMPILATION_CONDITIONS = "DEBUG $(inherited)";
				SWIFT_OPTIMIZATION_LEVEL = "-Onone";
			};
			name = Debug;
		};
		43EF31032B6C4FA6002414FC /* Release */ = {
			isa = XCBuildConfiguration;
			buildSettings = {
				ALWAYS_SEARCH_USER_PATHS = NO;
				ASSETCATALOG_COMPILER_GENERATE_SWIFT_ASSET_SYMBOL_EXTENSIONS = YES;
				CLANG_ANALYZER_NONNULL = YES;
				CLANG_ANALYZER_NUMBER_OBJECT_CONVERSION = YES_AGGRESSIVE;
				CLANG_CXX_LANGUAGE_STANDARD = "gnu++20";
				CLANG_ENABLE_MODULES = YES;
				CLANG_ENABLE_OBJC_ARC = YES;
				CLANG_ENABLE_OBJC_WEAK = YES;
				CLANG_WARN_BLOCK_CAPTURE_AUTORELEASING = YES;
				CLANG_WARN_BOOL_CONVERSION = YES;
				CLANG_WARN_COMMA = YES;
				CLANG_WARN_CONSTANT_CONVERSION = YES;
				CLANG_WARN_DEPRECATED_OBJC_IMPLEMENTATIONS = YES;
				CLANG_WARN_DIRECT_OBJC_ISA_USAGE = YES_ERROR;
				CLANG_WARN_DOCUMENTATION_COMMENTS = YES;
				CLANG_WARN_EMPTY_BODY = YES;
				CLANG_WARN_ENUM_CONVERSION = YES;
				CLANG_WARN_INFINITE_RECURSION = YES;
				CLANG_WARN_INT_CONVERSION = YES;
				CLANG_WARN_NON_LITERAL_NULL_CONVERSION = YES;
				CLANG_WARN_OBJC_IMPLICIT_RETAIN_SELF = YES;
				CLANG_WARN_OBJC_LITERAL_CONVERSION = YES;
				CLANG_WARN_OBJC_ROOT_CLASS = YES_ERROR;
				CLANG_WARN_QUOTED_INCLUDE_IN_FRAMEWORK_HEADER = YES;
				CLANG_WARN_RANGE_LOOP_ANALYSIS = YES;
				CLANG_WARN_STRICT_PROTOTYPES = YES;
				CLANG_WARN_SUSPICIOUS_MOVE = YES;
				CLANG_WARN_UNGUARDED_AVAILABILITY = YES_AGGRESSIVE;
				CLANG_WARN_UNREACHABLE_CODE = YES;
				CLANG_WARN__DUPLICATE_METHOD_MATCH = YES;
				COPY_PHASE_STRIP = NO;
				DEBUG_INFORMATION_FORMAT = "dwarf-with-dsym";
				ENABLE_NS_ASSERTIONS = NO;
				ENABLE_STRICT_OBJC_MSGSEND = YES;
				ENABLE_USER_SCRIPT_SANDBOXING = YES;
				GCC_C_LANGUAGE_STANDARD = gnu17;
				GCC_NO_COMMON_BLOCKS = YES;
				GCC_WARN_64_TO_32_BIT_CONVERSION = YES;
				GCC_WARN_ABOUT_RETURN_TYPE = YES_ERROR;
				GCC_WARN_UNDECLARED_SELECTOR = YES;
				GCC_WARN_UNINITIALIZED_AUTOS = YES_AGGRESSIVE;
				GCC_WARN_UNUSED_FUNCTION = YES;
				GCC_WARN_UNUSED_VARIABLE = YES;
				IPHONEOS_DEPLOYMENT_TARGET = 17.2;
				LOCALIZATION_PREFERS_STRING_CATALOGS = YES;
				MTL_ENABLE_DEBUG_INFO = NO;
				MTL_FAST_MATH = YES;
				SDKROOT = iphoneos;
				SWIFT_COMPILATION_MODE = wholemodule;
				VALIDATE_PRODUCT = YES;
			};
			name = Release;
		};
		43EF31052B6C4FA6002414FC /* Debug */ = {
			isa = XCBuildConfiguration;
			buildSettings = {
				ASSETCATALOG_COMPILER_APPICON_NAME = AppIcon;
				ASSETCATALOG_COMPILER_GLOBAL_ACCENT_COLOR_NAME = AccentColor;
				CODE_SIGN_STYLE = Automatic;
				CURRENT_PROJECT_VERSION = 1;
				DEVELOPMENT_TEAM = 2L9L899V66;
				GENERATE_INFOPLIST_FILE = YES;
				INFOPLIST_FILE = Pokemon/Info.plist;
				INFOPLIST_KEY_UIApplicationSupportsIndirectInputEvents = YES;
				INFOPLIST_KEY_UILaunchStoryboardName = LaunchScreen;
				INFOPLIST_KEY_UIMainStoryboardFile = "";
				INFOPLIST_KEY_UISupportedInterfaceOrientations_iPad = "UIInterfaceOrientationPortrait UIInterfaceOrientationPortraitUpsideDown UIInterfaceOrientationLandscapeLeft UIInterfaceOrientationLandscapeRight";
				INFOPLIST_KEY_UISupportedInterfaceOrientations_iPhone = "UIInterfaceOrientationPortrait UIInterfaceOrientationLandscapeLeft UIInterfaceOrientationLandscapeRight";
				LD_RUNPATH_SEARCH_PATHS = (
					"$(inherited)",
					"@executable_path/Frameworks",
				);
				MARKETING_VERSION = 1.0;
				PRODUCT_BUNDLE_IDENTIFIER = com.memtarhan.Pokemon;
				PRODUCT_NAME = "$(TARGET_NAME)";
				SWIFT_EMIT_LOC_STRINGS = YES;
				SWIFT_VERSION = 5.0;
				TARGETED_DEVICE_FAMILY = "1,2";
			};
			name = Debug;
		};
		43EF31062B6C4FA6002414FC /* Release */ = {
			isa = XCBuildConfiguration;
			buildSettings = {
				ASSETCATALOG_COMPILER_APPICON_NAME = AppIcon;
				ASSETCATALOG_COMPILER_GLOBAL_ACCENT_COLOR_NAME = AccentColor;
				CODE_SIGN_STYLE = Automatic;
				CURRENT_PROJECT_VERSION = 1;
				DEVELOPMENT_TEAM = 2L9L899V66;
				GENERATE_INFOPLIST_FILE = YES;
				INFOPLIST_FILE = Pokemon/Info.plist;
				INFOPLIST_KEY_UIApplicationSupportsIndirectInputEvents = YES;
				INFOPLIST_KEY_UILaunchStoryboardName = LaunchScreen;
				INFOPLIST_KEY_UIMainStoryboardFile = "";
				INFOPLIST_KEY_UISupportedInterfaceOrientations_iPad = "UIInterfaceOrientationPortrait UIInterfaceOrientationPortraitUpsideDown UIInterfaceOrientationLandscapeLeft UIInterfaceOrientationLandscapeRight";
				INFOPLIST_KEY_UISupportedInterfaceOrientations_iPhone = "UIInterfaceOrientationPortrait UIInterfaceOrientationLandscapeLeft UIInterfaceOrientationLandscapeRight";
				LD_RUNPATH_SEARCH_PATHS = (
					"$(inherited)",
					"@executable_path/Frameworks",
				);
				MARKETING_VERSION = 1.0;
				PRODUCT_BUNDLE_IDENTIFIER = com.memtarhan.Pokemon;
				PRODUCT_NAME = "$(TARGET_NAME)";
				SWIFT_EMIT_LOC_STRINGS = YES;
				SWIFT_VERSION = 5.0;
				TARGETED_DEVICE_FAMILY = "1,2";
			};
			name = Release;
		};
		43EF31082B6C4FA6002414FC /* Debug */ = {
			isa = XCBuildConfiguration;
			buildSettings = {
				ALWAYS_EMBED_SWIFT_STANDARD_LIBRARIES = YES;
				BUNDLE_LOADER = "$(TEST_HOST)";
				CODE_SIGN_STYLE = Automatic;
				CURRENT_PROJECT_VERSION = 1;
				DEVELOPMENT_TEAM = 2L9L899V66;
				GENERATE_INFOPLIST_FILE = YES;
				IPHONEOS_DEPLOYMENT_TARGET = 17.2;
				MARKETING_VERSION = 1.0;
				PRODUCT_BUNDLE_IDENTIFIER = com.memtarhan.PokemonTests;
				PRODUCT_NAME = "$(TARGET_NAME)";
				SWIFT_EMIT_LOC_STRINGS = NO;
				SWIFT_VERSION = 5.0;
				TARGETED_DEVICE_FAMILY = "1,2";
				TEST_HOST = "$(BUILT_PRODUCTS_DIR)/Pokemon.app/$(BUNDLE_EXECUTABLE_FOLDER_PATH)/Pokemon";
			};
			name = Debug;
		};
		43EF31092B6C4FA6002414FC /* Release */ = {
			isa = XCBuildConfiguration;
			buildSettings = {
				ALWAYS_EMBED_SWIFT_STANDARD_LIBRARIES = YES;
				BUNDLE_LOADER = "$(TEST_HOST)";
				CODE_SIGN_STYLE = Automatic;
				CURRENT_PROJECT_VERSION = 1;
				DEVELOPMENT_TEAM = 2L9L899V66;
				GENERATE_INFOPLIST_FILE = YES;
				IPHONEOS_DEPLOYMENT_TARGET = 17.2;
				MARKETING_VERSION = 1.0;
				PRODUCT_BUNDLE_IDENTIFIER = com.memtarhan.PokemonTests;
				PRODUCT_NAME = "$(TARGET_NAME)";
				SWIFT_EMIT_LOC_STRINGS = NO;
				SWIFT_VERSION = 5.0;
				TARGETED_DEVICE_FAMILY = "1,2";
				TEST_HOST = "$(BUILT_PRODUCTS_DIR)/Pokemon.app/$(BUNDLE_EXECUTABLE_FOLDER_PATH)/Pokemon";
			};
			name = Release;
		};
		43EF310B2B6C4FA6002414FC /* Debug */ = {
			isa = XCBuildConfiguration;
			buildSettings = {
				ALWAYS_EMBED_SWIFT_STANDARD_LIBRARIES = YES;
				CODE_SIGN_STYLE = Automatic;
				CURRENT_PROJECT_VERSION = 1;
				DEVELOPMENT_TEAM = 2L9L899V66;
				GENERATE_INFOPLIST_FILE = YES;
				MARKETING_VERSION = 1.0;
				PRODUCT_BUNDLE_IDENTIFIER = com.memtarhan.PokemonUITests;
				PRODUCT_NAME = "$(TARGET_NAME)";
				SWIFT_EMIT_LOC_STRINGS = NO;
				SWIFT_VERSION = 5.0;
				TARGETED_DEVICE_FAMILY = "1,2";
				TEST_TARGET_NAME = Pokemon;
			};
			name = Debug;
		};
		43EF310C2B6C4FA6002414FC /* Release */ = {
			isa = XCBuildConfiguration;
			buildSettings = {
				ALWAYS_EMBED_SWIFT_STANDARD_LIBRARIES = YES;
				CODE_SIGN_STYLE = Automatic;
				CURRENT_PROJECT_VERSION = 1;
				DEVELOPMENT_TEAM = 2L9L899V66;
				GENERATE_INFOPLIST_FILE = YES;
				MARKETING_VERSION = 1.0;
				PRODUCT_BUNDLE_IDENTIFIER = com.memtarhan.PokemonUITests;
				PRODUCT_NAME = "$(TARGET_NAME)";
				SWIFT_EMIT_LOC_STRINGS = NO;
				SWIFT_VERSION = 5.0;
				TARGETED_DEVICE_FAMILY = "1,2";
				TEST_TARGET_NAME = Pokemon;
			};
			name = Release;
		};
/* End XCBuildConfiguration section */

/* Begin XCConfigurationList section */
		43EF30D52B6C4FA5002414FC /* Build configuration list for PBXProject "Pokemon" */ = {
			isa = XCConfigurationList;
			buildConfigurations = (
				43EF31022B6C4FA6002414FC /* Debug */,
				43EF31032B6C4FA6002414FC /* Release */,
			);
			defaultConfigurationIsVisible = 0;
			defaultConfigurationName = Release;
		};
		43EF31042B6C4FA6002414FC /* Build configuration list for PBXNativeTarget "Pokemon" */ = {
			isa = XCConfigurationList;
			buildConfigurations = (
				43EF31052B6C4FA6002414FC /* Debug */,
				43EF31062B6C4FA6002414FC /* Release */,
			);
			defaultConfigurationIsVisible = 0;
			defaultConfigurationName = Release;
		};
		43EF31072B6C4FA6002414FC /* Build configuration list for PBXNativeTarget "PokemonTests" */ = {
			isa = XCConfigurationList;
			buildConfigurations = (
				43EF31082B6C4FA6002414FC /* Debug */,
				43EF31092B6C4FA6002414FC /* Release */,
			);
			defaultConfigurationIsVisible = 0;
			defaultConfigurationName = Release;
		};
		43EF310A2B6C4FA6002414FC /* Build configuration list for PBXNativeTarget "PokemonUITests" */ = {
			isa = XCConfigurationList;
			buildConfigurations = (
				43EF310B2B6C4FA6002414FC /* Debug */,
				43EF310C2B6C4FA6002414FC /* Release */,
			);
			defaultConfigurationIsVisible = 0;
			defaultConfigurationName = Release;
		};
/* End XCConfigurationList section */

/* Begin XCRemoteSwiftPackageReference section */
		43EF310D2B6C5017002414FC /* XCRemoteSwiftPackageReference "Swinject" */ = {
			isa = XCRemoteSwiftPackageReference;
			repositoryURL = "https://github.com/Swinject/Swinject.git";
			requirement = {
				kind = upToNextMajorVersion;
				minimumVersion = 2.8.4;
			};
		};
/* End XCRemoteSwiftPackageReference section */

/* Begin XCSwiftPackageProductDependency section */
		43EF310E2B6C5018002414FC /* Swinject */ = {
			isa = XCSwiftPackageProductDependency;
			package = 43EF310D2B6C5017002414FC /* XCRemoteSwiftPackageReference "Swinject" */;
			productName = Swinject;
		};
/* End XCSwiftPackageProductDependency section */
	};
	rootObject = 43EF30D22B6C4FA5002414FC /* Project object */;
}
